// !$*UTF8*$!
{
	archiveVersion = 1;
	classes = {
	};
	objectVersion = 51;
	objects = {

/* Begin PBXBuildFile section */
		048BC50725B65DD900C6E785 /* HorizontalStackView.swift in Sources */ = {isa = PBXBuildFile; fileRef = 048BC50425B65DD900C6E785 /* HorizontalStackView.swift */; };
		048BC50825B65DD900C6E785 /* UIView+ConstraintLayout.swift in Sources */ = {isa = PBXBuildFile; fileRef = 048BC50525B65DD900C6E785 /* UIView+ConstraintLayout.swift */; };
		048BC50925B65DD900C6E785 /* VerticalStackView.swift in Sources */ = {isa = PBXBuildFile; fileRef = 048BC50625B65DD900C6E785 /* VerticalStackView.swift */; };
		048BC50D25B65E2300C6E785 /* TopViewController.swift in Sources */ = {isa = PBXBuildFile; fileRef = 048BC50C25B65E2300C6E785 /* TopViewController.swift */; };
		048BC51125B65E7C00C6E785 /* TopVCCategory.swift in Sources */ = {isa = PBXBuildFile; fileRef = 048BC51025B65E7C00C6E785 /* TopVCCategory.swift */; };
		144D2ED625B95318000D7C63 /* UIColor+HexaColor.swift in Sources */ = {isa = PBXBuildFile; fileRef = 144D2ED525B95318000D7C63 /* UIColor+HexaColor.swift */; };
		14B49FD225B7ABF4005408CD /* MapViewController.swift in Sources */ = {isa = PBXBuildFile; fileRef = 14B49FD025B7ABF4005408CD /* MapViewController.swift */; };
		14B49FD325B7ABF4005408CD /* Locations.swift in Sources */ = {isa = PBXBuildFile; fileRef = 14B49FD125B7ABF4005408CD /* Locations.swift */; };
		14B49FD625B7AF70005408CD /* MainTabBarController.swift in Sources */ = {isa = PBXBuildFile; fileRef = 14B49FD525B7AF70005408CD /* MainTabBarController.swift */; };
		14F0D19B25BB926E0034A30C /* SpotTabHorizontalCVCell.swift in Sources */ = {isa = PBXBuildFile; fileRef = 14F0D19925BB926E0034A30C /* SpotTabHorizontalCVCell.swift */; };
		14F0D1A625BFB9F10034A30C /* MyPageTableViewController.swift in Sources */ = {isa = PBXBuildFile; fileRef = 14F0D1A525BFB9F10034A30C /* MyPageTableViewController.swift */; };
		14F0D1A925BFBCEB0034A30C /* MyPageTVCells.swift in Sources */ = {isa = PBXBuildFile; fileRef = 14F0D1A825BFBCEB0034A30C /* MyPageTVCells.swift */; };
		21B735D6FC6D44565639BF4E /* Pods_FamousSpotTour.framework in Frameworks */ = {isa = PBXBuildFile; fileRef = DBA4F1E7CBDF4B7A68F7D1AB /* Pods_FamousSpotTour.framework */; };
		3BA1FBF825B67C6900EEA851 /* GoogleService-Info.plist in Resources */ = {isa = PBXBuildFile; fileRef = 3BA1FBF725B67C6900EEA851 /* GoogleService-Info.plist */; };
		3BA1FC2625B773CE00EEA851 /* SpotsRepository.swift in Sources */ = {isa = PBXBuildFile; fileRef = 3BA1FC2525B773CE00EEA851 /* SpotsRepository.swift */; };
		3BF1117525B11392003BD6E7 /* AppDelegate.swift in Sources */ = {isa = PBXBuildFile; fileRef = 3BF1117425B11392003BD6E7 /* AppDelegate.swift */; };
		3BF1117725B11392003BD6E7 /* SceneDelegate.swift in Sources */ = {isa = PBXBuildFile; fileRef = 3BF1117625B11392003BD6E7 /* SceneDelegate.swift */; };
		3BF1117925B11392003BD6E7 /* ViewController.swift in Sources */ = {isa = PBXBuildFile; fileRef = 3BF1117825B11392003BD6E7 /* ViewController.swift */; };
		3BF1117E25B11397003BD6E7 /* Assets.xcassets in Resources */ = {isa = PBXBuildFile; fileRef = 3BF1117D25B11397003BD6E7 /* Assets.xcassets */; };
		3BF1118125B11397003BD6E7 /* LaunchScreen.storyboard in Resources */ = {isa = PBXBuildFile; fileRef = 3BF1117F25B11397003BD6E7 /* LaunchScreen.storyboard */; };
/* End PBXBuildFile section */

/* Begin PBXFileReference section */
		048BC50425B65DD900C6E785 /* HorizontalStackView.swift */ = {isa = PBXFileReference; fileEncoding = 4; lastKnownFileType = sourcecode.swift; path = HorizontalStackView.swift; sourceTree = "<group>"; };
		048BC50525B65DD900C6E785 /* UIView+ConstraintLayout.swift */ = {isa = PBXFileReference; fileEncoding = 4; lastKnownFileType = sourcecode.swift; path = "UIView+ConstraintLayout.swift"; sourceTree = "<group>"; };
		048BC50625B65DD900C6E785 /* VerticalStackView.swift */ = {isa = PBXFileReference; fileEncoding = 4; lastKnownFileType = sourcecode.swift; path = VerticalStackView.swift; sourceTree = "<group>"; };
		048BC50C25B65E2300C6E785 /* TopViewController.swift */ = {isa = PBXFileReference; lastKnownFileType = sourcecode.swift; path = TopViewController.swift; sourceTree = "<group>"; };
		048BC51025B65E7C00C6E785 /* TopVCCategory.swift */ = {isa = PBXFileReference; lastKnownFileType = sourcecode.swift; path = TopVCCategory.swift; sourceTree = "<group>"; };
		144D2ED525B95318000D7C63 /* UIColor+HexaColor.swift */ = {isa = PBXFileReference; fileEncoding = 4; lastKnownFileType = sourcecode.swift; path = "UIColor+HexaColor.swift"; sourceTree = "<group>"; };
		14B49FD025B7ABF4005408CD /* MapViewController.swift */ = {isa = PBXFileReference; fileEncoding = 4; lastKnownFileType = sourcecode.swift; path = MapViewController.swift; sourceTree = "<group>"; };
		14B49FD125B7ABF4005408CD /* Locations.swift */ = {isa = PBXFileReference; fileEncoding = 4; lastKnownFileType = sourcecode.swift; path = Locations.swift; sourceTree = "<group>"; };
		14B49FD525B7AF70005408CD /* MainTabBarController.swift */ = {isa = PBXFileReference; lastKnownFileType = sourcecode.swift; path = MainTabBarController.swift; sourceTree = "<group>"; };
		14F0D19925BB926E0034A30C /* SpotTabHorizontalCVCell.swift */ = {isa = PBXFileReference; lastKnownFileType = sourcecode.swift; path = SpotTabHorizontalCVCell.swift; sourceTree = "<group>"; };
		14F0D1A525BFB9F10034A30C /* MyPageTableViewController.swift */ = {isa = PBXFileReference; lastKnownFileType = sourcecode.swift; path = MyPageTableViewController.swift; sourceTree = "<group>"; };
		14F0D1A825BFBCEB0034A30C /* MyPageTVCells.swift */ = {isa = PBXFileReference; lastKnownFileType = sourcecode.swift; path = MyPageTVCells.swift; sourceTree = "<group>"; };
		3BA1FBF725B67C6900EEA851 /* GoogleService-Info.plist */ = {isa = PBXFileReference; fileEncoding = 4; lastKnownFileType = text.plist.xml; path = "GoogleService-Info.plist"; sourceTree = "<group>"; };
		3BA1FC2525B773CE00EEA851 /* SpotsRepository.swift */ = {isa = PBXFileReference; lastKnownFileType = sourcecode.swift; path = SpotsRepository.swift; sourceTree = "<group>"; };
		3BF1117125B11392003BD6E7 /* FamousSpotTour.app */ = {isa = PBXFileReference; explicitFileType = wrapper.application; includeInIndex = 0; path = FamousSpotTour.app; sourceTree = BUILT_PRODUCTS_DIR; };
		3BF1117425B11392003BD6E7 /* AppDelegate.swift */ = {isa = PBXFileReference; lastKnownFileType = sourcecode.swift; path = AppDelegate.swift; sourceTree = "<group>"; };
		3BF1117625B11392003BD6E7 /* SceneDelegate.swift */ = {isa = PBXFileReference; lastKnownFileType = sourcecode.swift; path = SceneDelegate.swift; sourceTree = "<group>"; };
		3BF1117825B11392003BD6E7 /* ViewController.swift */ = {isa = PBXFileReference; lastKnownFileType = sourcecode.swift; path = ViewController.swift; sourceTree = "<group>"; };
		3BF1117D25B11397003BD6E7 /* Assets.xcassets */ = {isa = PBXFileReference; lastKnownFileType = folder.assetcatalog; path = Assets.xcassets; sourceTree = "<group>"; };
		3BF1118025B11397003BD6E7 /* Base */ = {isa = PBXFileReference; lastKnownFileType = file.storyboard; name = Base; path = Base.lproj/LaunchScreen.storyboard; sourceTree = "<group>"; };
		3BF1118225B11397003BD6E7 /* Info.plist */ = {isa = PBXFileReference; lastKnownFileType = text.plist.xml; path = Info.plist; sourceTree = "<group>"; };
		B82C74E8A70F2F31696D99DA /* Pods-FamousSpotTour.debug.xcconfig */ = {isa = PBXFileReference; includeInIndex = 1; lastKnownFileType = text.xcconfig; name = "Pods-FamousSpotTour.debug.xcconfig"; path = "Target Support Files/Pods-FamousSpotTour/Pods-FamousSpotTour.debug.xcconfig"; sourceTree = "<group>"; };
		DBA4F1E7CBDF4B7A68F7D1AB /* Pods_FamousSpotTour.framework */ = {isa = PBXFileReference; explicitFileType = wrapper.framework; includeInIndex = 0; path = Pods_FamousSpotTour.framework; sourceTree = BUILT_PRODUCTS_DIR; };
		F8ED82F513C697CEB7106949 /* Pods-FamousSpotTour.release.xcconfig */ = {isa = PBXFileReference; includeInIndex = 1; lastKnownFileType = text.xcconfig; name = "Pods-FamousSpotTour.release.xcconfig"; path = "Target Support Files/Pods-FamousSpotTour/Pods-FamousSpotTour.release.xcconfig"; sourceTree = "<group>"; };
/* End PBXFileReference section */

/* Begin PBXFrameworksBuildPhase section */
		3BF1116E25B11392003BD6E7 /* Frameworks */ = {
			isa = PBXFrameworksBuildPhase;
			buildActionMask = 2147483647;
			files = (
				21B735D6FC6D44565639BF4E /* Pods_FamousSpotTour.framework in Frameworks */,
			);
			runOnlyForDeploymentPostprocessing = 0;
		};
/* End PBXFrameworksBuildPhase section */

/* Begin PBXGroup section */
		048BC50B25B65DDE00C6E785 /* Utils */ = {
			isa = PBXGroup;
			children = (
				048BC50425B65DD900C6E785 /* HorizontalStackView.swift */,
				048BC50525B65DD900C6E785 /* UIView+ConstraintLayout.swift */,
				144D2ED525B95318000D7C63 /* UIColor+HexaColor.swift */,
				048BC50625B65DD900C6E785 /* VerticalStackView.swift */,
			);
			path = Utils;
			sourceTree = "<group>";
		};
		09DC197113B353F3C7352F8E /* Frameworks */ = {
			isa = PBXGroup;
			children = (
				DBA4F1E7CBDF4B7A68F7D1AB /* Pods_FamousSpotTour.framework */,
			);
			name = Frameworks;
			sourceTree = "<group>";
		};
		2FFC529F282EB2AD3F6A2452 /* Pods */ = {
			isa = PBXGroup;
			children = (
				B82C74E8A70F2F31696D99DA /* Pods-FamousSpotTour.debug.xcconfig */,
				F8ED82F513C697CEB7106949 /* Pods-FamousSpotTour.release.xcconfig */,
			);
			path = Pods;
			sourceTree = "<group>";
		};
		3BA1FC2425B773AE00EEA851 /* Repositories */ = {
			isa = PBXGroup;
			children = (
				3BA1FC2525B773CE00EEA851 /* SpotsRepository.swift */,
			);
			path = Repositories;
			sourceTree = "<group>";
		};
		3BF1116825B11392003BD6E7 = {
			isa = PBXGroup;
			children = (
				3BF1117325B11392003BD6E7 /* FamousSpotTour */,
				3BF1117225B11392003BD6E7 /* Products */,
				2FFC529F282EB2AD3F6A2452 /* Pods */,
				09DC197113B353F3C7352F8E /* Frameworks */,
			);
			sourceTree = "<group>";
		};
		3BF1117225B11392003BD6E7 /* Products */ = {
			isa = PBXGroup;
			children = (
				3BF1117125B11392003BD6E7 /* FamousSpotTour.app */,
			);
			name = Products;
			sourceTree = "<group>";
		};
		3BF1117325B11392003BD6E7 /* FamousSpotTour */ = {
			isa = PBXGroup;
			children = (
				3BA1FC2425B773AE00EEA851 /* Repositories */,
				048BC50B25B65DDE00C6E785 /* Utils */,
				3BF1117425B11392003BD6E7 /* AppDelegate.swift */,
				3BF1117625B11392003BD6E7 /* SceneDelegate.swift */,
				14B49FD525B7AF70005408CD /* MainTabBarController.swift */,
				048BC50C25B65E2300C6E785 /* TopViewController.swift */,
				048BC51025B65E7C00C6E785 /* TopVCCategory.swift */,
				14B49FD125B7ABF4005408CD /* Locations.swift */,
				14B49FD025B7ABF4005408CD /* MapViewController.swift */,
				14F0D1A525BFB9F10034A30C /* MyPageTableViewController.swift */,
				14F0D1A825BFBCEB0034A30C /* MyPageTVCells.swift */,
				3BF1117825B11392003BD6E7 /* ViewController.swift */,
				14F0D19925BB926E0034A30C /* SpotTabHorizontalCVCell.swift */,
				3BF1117D25B11397003BD6E7 /* Assets.xcassets */,
				3BF1117F25B11397003BD6E7 /* LaunchScreen.storyboard */,
				3BF1118225B11397003BD6E7 /* Info.plist */,
				3BA1FBF725B67C6900EEA851 /* GoogleService-Info.plist */,
			);
			path = FamousSpotTour;
			sourceTree = "<group>";
		};
/* End PBXGroup section */

/* Begin PBXNativeTarget section */
		3BF1117025B11392003BD6E7 /* FamousSpotTour */ = {
			isa = PBXNativeTarget;
			buildConfigurationList = 3BF1118525B11397003BD6E7 /* Build configuration list for PBXNativeTarget "FamousSpotTour" */;
			buildPhases = (
				6B0BF179254EF4628209F281 /* [CP] Check Pods Manifest.lock */,
				3BF1116D25B11392003BD6E7 /* Sources */,
				3BF1116E25B11392003BD6E7 /* Frameworks */,
				3BF1116F25B11392003BD6E7 /* Resources */,
				F0740DC3EC1FCF2758528762 /* [CP] Embed Pods Frameworks */,
			);
			buildRules = (
			);
			dependencies = (
			);
			name = FamousSpotTour;
			productName = FamousSpotTour;
			productReference = 3BF1117125B11392003BD6E7 /* FamousSpotTour.app */;
			productType = "com.apple.product-type.application";
		};
/* End PBXNativeTarget section */

/* Begin PBXProject section */
		3BF1116925B11392003BD6E7 /* Project object */ = {
			isa = PBXProject;
			attributes = {
				LastSwiftUpdateCheck = 1230;
				LastUpgradeCheck = 1230;
				TargetAttributes = {
					3BF1117025B11392003BD6E7 = {
						CreatedOnToolsVersion = 12.3;
					};
				};
			};
			buildConfigurationList = 3BF1116C25B11392003BD6E7 /* Build configuration list for PBXProject "FamousSpotTour" */;
			compatibilityVersion = "Xcode 9.3";
			developmentRegion = en;
			hasScannedForEncodings = 0;
			knownRegions = (
				en,
				Base,
			);
			mainGroup = 3BF1116825B11392003BD6E7;
			productRefGroup = 3BF1117225B11392003BD6E7 /* Products */;
			projectDirPath = "";
			projectRoot = "";
			targets = (
				3BF1117025B11392003BD6E7 /* FamousSpotTour */,
			);
		};
/* End PBXProject section */

/* Begin PBXResourcesBuildPhase section */
		3BF1116F25B11392003BD6E7 /* Resources */ = {
			isa = PBXResourcesBuildPhase;
			buildActionMask = 2147483647;
			files = (
				3BF1118125B11397003BD6E7 /* LaunchScreen.storyboard in Resources */,
				3BF1117E25B11397003BD6E7 /* Assets.xcassets in Resources */,
				3BA1FBF825B67C6900EEA851 /* GoogleService-Info.plist in Resources */,
			);
			runOnlyForDeploymentPostprocessing = 0;
		};
/* End PBXResourcesBuildPhase section */

/* Begin PBXShellScriptBuildPhase section */
		6B0BF179254EF4628209F281 /* [CP] Check Pods Manifest.lock */ = {
			isa = PBXShellScriptBuildPhase;
			buildActionMask = 2147483647;
			files = (
			);
			inputFileListPaths = (
			);
			inputPaths = (
				"${PODS_PODFILE_DIR_PATH}/Podfile.lock",
				"${PODS_ROOT}/Manifest.lock",
			);
			name = "[CP] Check Pods Manifest.lock";
			outputFileListPaths = (
			);
			outputPaths = (
				"$(DERIVED_FILE_DIR)/Pods-FamousSpotTour-checkManifestLockResult.txt",
			);
			runOnlyForDeploymentPostprocessing = 0;
			shellPath = /bin/sh;
			shellScript = "diff \"${PODS_PODFILE_DIR_PATH}/Podfile.lock\" \"${PODS_ROOT}/Manifest.lock\" > /dev/null\nif [ $? != 0 ] ; then\n    # print error to STDERR\n    echo \"error: The sandbox is not in sync with the Podfile.lock. Run 'pod install' or update your CocoaPods installation.\" >&2\n    exit 1\nfi\n# This output is used by Xcode 'outputs' to avoid re-running this script phase.\necho \"SUCCESS\" > \"${SCRIPT_OUTPUT_FILE_0}\"\n";
			showEnvVarsInLog = 0;
		};
		F0740DC3EC1FCF2758528762 /* [CP] Embed Pods Frameworks */ = {
			isa = PBXShellScriptBuildPhase;
			buildActionMask = 2147483647;
			files = (
			);
			inputFileListPaths = (
				"${PODS_ROOT}/Target Support Files/Pods-FamousSpotTour/Pods-FamousSpotTour-frameworks-${CONFIGURATION}-input-files.xcfilelist",
			);
			name = "[CP] Embed Pods Frameworks";
			outputFileListPaths = (
				"${PODS_ROOT}/Target Support Files/Pods-FamousSpotTour/Pods-FamousSpotTour-frameworks-${CONFIGURATION}-output-files.xcfilelist",
			);
			runOnlyForDeploymentPostprocessing = 0;
			shellPath = /bin/sh;
			shellScript = "\"${PODS_ROOT}/Target Support Files/Pods-FamousSpotTour/Pods-FamousSpotTour-frameworks.sh\"\n";
			showEnvVarsInLog = 0;
		};
/* End PBXShellScriptBuildPhase section */

/* Begin PBXSourcesBuildPhase section */
		3BF1116D25B11392003BD6E7 /* Sources */ = {
			isa = PBXSourcesBuildPhase;
			buildActionMask = 2147483647;
			files = (
				048BC51125B65E7C00C6E785 /* TopVCCategory.swift in Sources */,
				3BF1117925B11392003BD6E7 /* ViewController.swift in Sources */,
				14F0D19B25BB926E0034A30C /* SpotTabHorizontalCVCell.swift in Sources */,
				14B49FD625B7AF70005408CD /* MainTabBarController.swift in Sources */,
				3BA1FC2625B773CE00EEA851 /* SpotsRepository.swift in Sources */,
				14F0D1A625BFB9F10034A30C /* MyPageTableViewController.swift in Sources */,
				14B49FD225B7ABF4005408CD /* MapViewController.swift in Sources */,
				048BC50925B65DD900C6E785 /* VerticalStackView.swift in Sources */,
				3BF1117525B11392003BD6E7 /* AppDelegate.swift in Sources */,
				3BF1117725B11392003BD6E7 /* SceneDelegate.swift in Sources */,
				048BC50725B65DD900C6E785 /* HorizontalStackView.swift in Sources */,
				048BC50825B65DD900C6E785 /* UIView+ConstraintLayout.swift in Sources */,
				14B49FD325B7ABF4005408CD /* Locations.swift in Sources */,
				144D2ED625B95318000D7C63 /* UIColor+HexaColor.swift in Sources */,
				14F0D1A925BFBCEB0034A30C /* MyPageTVCells.swift in Sources */,
				048BC50D25B65E2300C6E785 /* TopViewController.swift in Sources */,
			);
			runOnlyForDeploymentPostprocessing = 0;
		};
/* End PBXSourcesBuildPhase section */

/* Begin PBXVariantGroup section */
		3BF1117F25B11397003BD6E7 /* LaunchScreen.storyboard */ = {
			isa = PBXVariantGroup;
			children = (
				3BF1118025B11397003BD6E7 /* Base */,
			);
			name = LaunchScreen.storyboard;
			sourceTree = "<group>";
		};
/* End PBXVariantGroup section */

/* Begin XCBuildConfiguration section */
		3BF1118325B11397003BD6E7 /* Debug */ = {
			isa = XCBuildConfiguration;
			buildSettings = {
				ALWAYS_SEARCH_USER_PATHS = NO;
				CLANG_ANALYZER_NONNULL = YES;
				CLANG_ANALYZER_NUMBER_OBJECT_CONVERSION = YES_AGGRESSIVE;
				CLANG_CXX_LANGUAGE_STANDARD = "gnu++14";
				CLANG_CXX_LIBRARY = "libc++";
				CLANG_ENABLE_MODULES = YES;
				CLANG_ENABLE_OBJC_ARC = YES;
				CLANG_ENABLE_OBJC_WEAK = YES;
				CLANG_WARN_BLOCK_CAPTURE_AUTORELEASING = YES;
				CLANG_WARN_BOOL_CONVERSION = YES;
				CLANG_WARN_COMMA = YES;
				CLANG_WARN_CONSTANT_CONVERSION = YES;
				CLANG_WARN_DEPRECATED_OBJC_IMPLEMENTATIONS = YES;
				CLANG_WARN_DIRECT_OBJC_ISA_USAGE = YES_ERROR;
				CLANG_WARN_DOCUMENTATION_COMMENTS = YES;
				CLANG_WARN_EMPTY_BODY = YES;
				CLANG_WARN_ENUM_CONVERSION = YES;
				CLANG_WARN_INFINITE_RECURSION = YES;
				CLANG_WARN_INT_CONVERSION = YES;
				CLANG_WARN_NON_LITERAL_NULL_CONVERSION = YES;
				CLANG_WARN_OBJC_IMPLICIT_RETAIN_SELF = YES;
				CLANG_WARN_OBJC_LITERAL_CONVERSION = YES;
				CLANG_WARN_OBJC_ROOT_CLASS = YES_ERROR;
				CLANG_WARN_QUOTED_INCLUDE_IN_FRAMEWORK_HEADER = YES;
				CLANG_WARN_RANGE_LOOP_ANALYSIS = YES;
				CLANG_WARN_STRICT_PROTOTYPES = YES;
				CLANG_WARN_SUSPICIOUS_MOVE = YES;
				CLANG_WARN_UNGUARDED_AVAILABILITY = YES_AGGRESSIVE;
				CLANG_WARN_UNREACHABLE_CODE = YES;
				CLANG_WARN__DUPLICATE_METHOD_MATCH = YES;
				COPY_PHASE_STRIP = NO;
				DEBUG_INFORMATION_FORMAT = dwarf;
				ENABLE_STRICT_OBJC_MSGSEND = YES;
				ENABLE_TESTABILITY = YES;
				GCC_C_LANGUAGE_STANDARD = gnu11;
				GCC_DYNAMIC_NO_PIC = NO;
				GCC_NO_COMMON_BLOCKS = YES;
				GCC_OPTIMIZATION_LEVEL = 0;
				GCC_PREPROCESSOR_DEFINITIONS = (
					"DEBUG=1",
					"$(inherited)",
				);
				GCC_WARN_64_TO_32_BIT_CONVERSION = YES;
				GCC_WARN_ABOUT_RETURN_TYPE = YES_ERROR;
				GCC_WARN_UNDECLARED_SELECTOR = YES;
				GCC_WARN_UNINITIALIZED_AUTOS = YES_AGGRESSIVE;
				GCC_WARN_UNUSED_FUNCTION = YES;
				GCC_WARN_UNUSED_VARIABLE = YES;
				IPHONEOS_DEPLOYMENT_TARGET = 14.3;
				MTL_ENABLE_DEBUG_INFO = INCLUDE_SOURCE;
				MTL_FAST_MATH = YES;
				ONLY_ACTIVE_ARCH = YES;
				SDKROOT = iphoneos;
				SWIFT_ACTIVE_COMPILATION_CONDITIONS = DEBUG;
				SWIFT_OPTIMIZATION_LEVEL = "-Onone";
			};
			name = Debug;
		};
		3BF1118425B11397003BD6E7 /* Release */ = {
			isa = XCBuildConfiguration;
			buildSettings = {
				ALWAYS_SEARCH_USER_PATHS = NO;
				CLANG_ANALYZER_NONNULL = YES;
				CLANG_ANALYZER_NUMBER_OBJECT_CONVERSION = YES_AGGRESSIVE;
				CLANG_CXX_LANGUAGE_STANDARD = "gnu++14";
				CLANG_CXX_LIBRARY = "libc++";
				CLANG_ENABLE_MODULES = YES;
				CLANG_ENABLE_OBJC_ARC = YES;
				CLANG_ENABLE_OBJC_WEAK = YES;
				CLANG_WARN_BLOCK_CAPTURE_AUTORELEASING = YES;
				CLANG_WARN_BOOL_CONVERSION = YES;
				CLANG_WARN_COMMA = YES;
				CLANG_WARN_CONSTANT_CONVERSION = YES;
				CLANG_WARN_DEPRECATED_OBJC_IMPLEMENTATIONS = YES;
				CLANG_WARN_DIRECT_OBJC_ISA_USAGE = YES_ERROR;
				CLANG_WARN_DOCUMENTATION_COMMENTS = YES;
				CLANG_WARN_EMPTY_BODY = YES;
				CLANG_WARN_ENUM_CONVERSION = YES;
				CLANG_WARN_INFINITE_RECURSION = YES;
				CLANG_WARN_INT_CONVERSION = YES;
				CLANG_WARN_NON_LITERAL_NULL_CONVERSION = YES;
				CLANG_WARN_OBJC_IMPLICIT_RETAIN_SELF = YES;
				CLANG_WARN_OBJC_LITERAL_CONVERSION = YES;
				CLANG_WARN_OBJC_ROOT_CLASS = YES_ERROR;
				CLANG_WARN_QUOTED_INCLUDE_IN_FRAMEWORK_HEADER = YES;
				CLANG_WARN_RANGE_LOOP_ANALYSIS = YES;
				CLANG_WARN_STRICT_PROTOTYPES = YES;
				CLANG_WARN_SUSPICIOUS_MOVE = YES;
				CLANG_WARN_UNGUARDED_AVAILABILITY = YES_AGGRESSIVE;
				CLANG_WARN_UNREACHABLE_CODE = YES;
				CLANG_WARN__DUPLICATE_METHOD_MATCH = YES;
				COPY_PHASE_STRIP = NO;
				DEBUG_INFORMATION_FORMAT = "dwarf-with-dsym";
				ENABLE_NS_ASSERTIONS = NO;
				ENABLE_STRICT_OBJC_MSGSEND = YES;
				GCC_C_LANGUAGE_STANDARD = gnu11;
				GCC_NO_COMMON_BLOCKS = YES;
				GCC_WARN_64_TO_32_BIT_CONVERSION = YES;
				GCC_WARN_ABOUT_RETURN_TYPE = YES_ERROR;
				GCC_WARN_UNDECLARED_SELECTOR = YES;
				GCC_WARN_UNINITIALIZED_AUTOS = YES_AGGRESSIVE;
				GCC_WARN_UNUSED_FUNCTION = YES;
				GCC_WARN_UNUSED_VARIABLE = YES;
				IPHONEOS_DEPLOYMENT_TARGET = 14.3;
				MTL_ENABLE_DEBUG_INFO = NO;
				MTL_FAST_MATH = YES;
				SDKROOT = iphoneos;
				SWIFT_COMPILATION_MODE = wholemodule;
				SWIFT_OPTIMIZATION_LEVEL = "-O";
				VALIDATE_PRODUCT = YES;
			};
			name = Release;
		};
		3BF1118625B11397003BD6E7 /* Debug */ = {
			isa = XCBuildConfiguration;
			baseConfigurationReference = B82C74E8A70F2F31696D99DA /* Pods-FamousSpotTour.debug.xcconfig */;
			buildSettings = {
				ASSETCATALOG_COMPILER_APPICON_NAME = AppIcon;
				ASSETCATALOG_COMPILER_GLOBAL_ACCENT_COLOR_NAME = AccentColor;
				CODE_SIGN_STYLE = Automatic;
				DEVELOPMENT_TEAM = 637KJ8SYFF;
				INFOPLIST_FILE = FamousSpotTour/Info.plist;
				LD_RUNPATH_SEARCH_PATHS = (
					"$(inherited)",
					"@executable_path/Frameworks",
				);
				PRODUCT_BUNDLE_IDENTIFIER = com.FamousSpotTour;
				PRODUCT_NAME = "$(TARGET_NAME)";
				SWIFT_VERSION = 5.0;
				TARGETED_DEVICE_FAMILY = 1;
			};
			name = Debug;
		};
		3BF1118725B11397003BD6E7 /* Release */ = {
			isa = XCBuildConfiguration;
			baseConfigurationReference = F8ED82F513C697CEB7106949 /* Pods-FamousSpotTour.release.xcconfig */;
			buildSettings = {
				ASSETCATALOG_COMPILER_APPICON_NAME = AppIcon;
				ASSETCATALOG_COMPILER_GLOBAL_ACCENT_COLOR_NAME = AccentColor;
				CODE_SIGN_STYLE = Automatic;
				DEVELOPMENT_TEAM = 637KJ8SYFF;
				INFOPLIST_FILE = FamousSpotTour/Info.plist;
				LD_RUNPATH_SEARCH_PATHS = (
					"$(inherited)",
					"@executable_path/Frameworks",
				);
				PRODUCT_BUNDLE_IDENTIFIER = com.FamousSpotTour;
				PRODUCT_NAME = "$(TARGET_NAME)";
				SWIFT_VERSION = 5.0;
				TARGETED_DEVICE_FAMILY = 1;
			};
			name = Release;
		};
/* End XCBuildConfiguration section */

/* Begin XCConfigurationList section */
		3BF1116C25B11392003BD6E7 /* Build configuration list for PBXProject "FamousSpotTour" */ = {
			isa = XCConfigurationList;
			buildConfigurations = (
				3BF1118325B11397003BD6E7 /* Debug */,
				3BF1118425B11397003BD6E7 /* Release */,
			);
			defaultConfigurationIsVisible = 0;
			defaultConfigurationName = Release;
		};
		3BF1118525B11397003BD6E7 /* Build configuration list for PBXNativeTarget "FamousSpotTour" */ = {
			isa = XCConfigurationList;
			buildConfigurations = (
				3BF1118625B11397003BD6E7 /* Debug */,
				3BF1118725B11397003BD6E7 /* Release */,
			);
			defaultConfigurationIsVisible = 0;
			defaultConfigurationName = Release;
		};
/* End XCConfigurationList section */
	};
	rootObject = 3BF1116925B11392003BD6E7 /* Project object */;
}
